
Microsoft Visual Studio Solution File, Format Version 12.00
# Visual Studio Version 17
VisualStudioVersion = 17.14.36127.28 d17.14
MinimumVisualStudioVersion = 10.0.40219.1
Project("{FAE04EC0-301F-11D3-BF4B-00C04F79EFBC}") = "FileSpace", "FileSpace.csproj", "{CE99ABAA-494C-4838-A68F-EB55EAC729A1}"
EndProject
Global
	GlobalSection(SolutionConfigurationPlatforms) = preSolution
		Debug|Any CPU = Debug|Any CPU
		Release|Any CPU = Release|Any CPU
	EndGlobalSection
	GlobalSection(ProjectConfigurationPlatforms) = postSolution
		{CE99ABAA-494C-4838-A68F-EB55EAC729A1}.Debug|Any CPU.ActiveCfg = Debug|Any CPU
		{CE99ABAA-494C-4838-A68F-EB55EAC729A1}.Debug|Any CPU.Build.0 = Debug|Any CPU
		{CE99ABAA-494C-4838-A68F-EB55EAC729A1}.Release|Any CPU.ActiveCfg = Release|Any CPU
		{CE99ABAA-494C-4838-A68F-EB55EAC729A1}.Release|Any CPU.Build.0 = Release|Any CPU
	EndGlobalSection
	GlobalSection(SolutionProperties) = preSolution
		HideSolutionNode = FALSE
	EndGlobalSection
	GlobalSection(ExtensibilityGlobals) = postSolution
		SolutionGuid = {DF5691E8-7FB8-48B0-9772-47E714A05EEB}
	EndGlobalSection
EndGlobal
